
Microsoft Visual Studio Solution File, Format Version 12.00
# Visual Studio Version 16
VisualStudioVersion = 16.0.29905.134
MinimumVisualStudioVersion = 10.0.40219.1
Project("{FAE04EC0-301F-11D3-BF4B-00C04F79EFBC}") = "GrKouk.WebErp", "GrKouk.WebErp\GrKouk.WebErp.csproj", "{CF8F1B5C-EF9A-4E30-AD6D-FEF9D5DBCD0A}"
EndProject
Global
	GlobalSection(SolutionConfigurationPlatforms) = preSolution
		Debug|Any CPU = Debug|Any CPU
		Release|Any CPU = Release|Any CPU
	EndGlobalSection
	GlobalSection(ProjectConfigurationPlatforms) = postSolution
		{CF8F1B5C-EF9A-4E30-AD6D-FEF9D5DBCD0A}.Debug|Any CPU.ActiveCfg = Debug|Any CPU
		{CF8F1B5C-EF9A-4E30-AD6D-FEF9D5DBCD0A}.Debug|Any CPU.Build.0 = Debug|Any CPU
		{CF8F1B5C-EF9A-4E30-AD6D-FEF9D5DBCD0A}.Release|Any CPU.ActiveCfg = Release|Any CPU
		{CF8F1B5C-EF9A-4E30-AD6D-FEF9D5DBCD0A}.Release|Any CPU.Build.0 = Release|Any CPU
	EndGlobalSection
	GlobalSection(SolutionProperties) = preSolution
		HideSolutionNode = FALSE
	EndGlobalSection
	GlobalSection(ExtensibilityGlobals) = postSolution
		SolutionGuid = {78B1C088-AD00-437E-9F1A-EE3A35D6B708}
	EndGlobalSection
EndGlobal
